// !$*UTF8*$!
{
	archiveVersion = 1;
	classes = {
	};
	objectVersion = 51;
	objects = {

/* Begin PBXBuildFile section */
		255C907924A2134700B0EA6A /* GPBRSA.m in Sources */ = {isa = PBXBuildFile; fileRef = 255C907824A2134700B0EA6A /* GPBRSA.m */; };
		25B0DE7A24A20DD000E67FFF /* AppDelegate.m in Sources */ = {isa = PBXBuildFile; fileRef = 25B0DE7924A20DD000E67FFF /* AppDelegate.m */; };
		25B0DE7D24A20DD000E67FFF /* SceneDelegate.m in Sources */ = {isa = PBXBuildFile; fileRef = 25B0DE7C24A20DD000E67FFF /* SceneDelegate.m */; };
		25B0DE8024A20DD000E67FFF /* ViewController.m in Sources */ = {isa = PBXBuildFile; fileRef = 25B0DE7F24A20DD000E67FFF /* ViewController.m */; };
		25B0DE8324A20DD000E67FFF /* Main.storyboard in Resources */ = {isa = PBXBuildFile; fileRef = 25B0DE8124A20DD000E67FFF /* Main.storyboard */; };
		25B0DE8524A20DD100E67FFF /* Assets.xcassets in Resources */ = {isa = PBXBuildFile; fileRef = 25B0DE8424A20DD100E67FFF /* Assets.xcassets */; };
		25B0DE8824A20DD100E67FFF /* LaunchScreen.storyboard in Resources */ = {isa = PBXBuildFile; fileRef = 25B0DE8624A20DD100E67FFF /* LaunchScreen.storyboard */; };
		25B0DE8B24A20DD100E67FFF /* main.m in Sources */ = {isa = PBXBuildFile; fileRef = 25B0DE8A24A20DD100E67FFF /* main.m */; };
		25B0DE9524A20DD100E67FFF /* INAPPDemoUITests.m in Sources */ = {isa = PBXBuildFile; fileRef = 25B0DE9424A20DD100E67FFF /* INAPPDemoUITests.m */; };
		E0A4FFF913ABBCC7DA8DC9B8 /* libPods-INAPPDemo.a in Frameworks */ = {isa = PBXBuildFile; fileRef = B32CF324FF59DA00DEE00A83 /* libPods-INAPPDemo.a */; };
/* End PBXBuildFile section */

/* Begin PBXContainerItemProxy section */
		25B0DE9124A20DD100E67FFF /* PBXContainerItemProxy */ = {
			isa = PBXContainerItemProxy;
			containerPortal = 25B0DE6D24A20DD000E67FFF /* Project object */;
			proxyType = 1;
			remoteGlobalIDString = 25B0DE7424A20DD000E67FFF;
			remoteInfo = INAPPDemo;
		};
/* End PBXContainerItemProxy section */

/* Begin PBXCopyFilesBuildPhase section */
		25B0DEAB24A20E0900E67FFF /* Embed Frameworks */ = {
			isa = PBXCopyFilesBuildPhase;
			buildActionMask = 2147483647;
			dstPath = "";
			dstSubfolderSpec = 10;
			files = (
			);
			name = "Embed Frameworks";
			runOnlyForDeploymentPostprocessing = 0;
		};
/* End PBXCopyFilesBuildPhase section */

/* Begin PBXFileReference section */
		255C907724A2134700B0EA6A /* GPBRSA.h */ = {isa = PBXFileReference; fileEncoding = 4; lastKnownFileType = sourcecode.c.h; path = GPBRSA.h; sourceTree = "<group>"; };
		255C907824A2134700B0EA6A /* GPBRSA.m */ = {isa = PBXFileReference; fileEncoding = 4; lastKnownFileType = sourcecode.c.objc; path = GPBRSA.m; sourceTree = "<group>"; };
		25B0DE7524A20DD000E67FFF /* INAPPDemo.app */ = {isa = PBXFileReference; explicitFileType = wrapper.application; includeInIndex = 0; path = INAPPDemo.app; sourceTree = BUILT_PRODUCTS_DIR; };
		25B0DE7824A20DD000E67FFF /* AppDelegate.h */ = {isa = PBXFileReference; lastKnownFileType = sourcecode.c.h; path = AppDelegate.h; sourceTree = "<group>"; };
		25B0DE7924A20DD000E67FFF /* AppDelegate.m */ = {isa = PBXFileReference; lastKnownFileType = sourcecode.c.objc; path = AppDelegate.m; sourceTree = "<group>"; };
		25B0DE7B24A20DD000E67FFF /* SceneDelegate.h */ = {isa = PBXFileReference; lastKnownFileType = sourcecode.c.h; path = SceneDelegate.h; sourceTree = "<group>"; };
		25B0DE7C24A20DD000E67FFF /* SceneDelegate.m */ = {isa = PBXFileReference; lastKnownFileType = sourcecode.c.objc; path = SceneDelegate.m; sourceTree = "<group>"; };
		25B0DE7E24A20DD000E67FFF /* ViewController.h */ = {isa = PBXFileReference; lastKnownFileType = sourcecode.c.h; path = ViewController.h; sourceTree = "<group>"; };
		25B0DE7F24A20DD000E67FFF /* ViewController.m */ = {isa = PBXFileReference; lastKnownFileType = sourcecode.c.objc; path = ViewController.m; sourceTree = "<group>"; };
		25B0DE8224A20DD000E67FFF /* Base */ = {isa = PBXFileReference; lastKnownFileType = file.storyboard; name = Base; path = Base.lproj/Main.storyboard; sourceTree = "<group>"; };
		25B0DE8424A20DD100E67FFF /* Assets.xcassets */ = {isa = PBXFileReference; lastKnownFileType = folder.assetcatalog; path = Assets.xcassets; sourceTree = "<group>"; };
		25B0DE8724A20DD100E67FFF /* Base */ = {isa = PBXFileReference; lastKnownFileType = file.storyboard; name = Base; path = Base.lproj/LaunchScreen.storyboard; sourceTree = "<group>"; };
		25B0DE8924A20DD100E67FFF /* Info.plist */ = {isa = PBXFileReference; lastKnownFileType = text.plist.xml; path = Info.plist; sourceTree = "<group>"; };
		25B0DE8A24A20DD100E67FFF /* main.m */ = {isa = PBXFileReference; lastKnownFileType = sourcecode.c.objc; path = main.m; sourceTree = "<group>"; };
		25B0DE9024A20DD100E67FFF /* INAPPDemoUITests.xctest */ = {isa = PBXFileReference; explicitFileType = wrapper.cfbundle; includeInIndex = 0; path = INAPPDemoUITests.xctest; sourceTree = BUILT_PRODUCTS_DIR; };
		25B0DE9424A20DD100E67FFF /* INAPPDemoUITests.m */ = {isa = PBXFileReference; lastKnownFileType = sourcecode.c.objc; path = INAPPDemoUITests.m; sourceTree = "<group>"; };
		25B0DE9624A20DD100E67FFF /* Info.plist */ = {isa = PBXFileReference; lastKnownFileType = text.plist.xml; path = Info.plist; sourceTree = "<group>"; };
		30BD072847E267843984E424 /* Pods-INAPPDemo.release.xcconfig */ = {isa = PBXFileReference; includeInIndex = 1; lastKnownFileType = text.xcconfig; name = "Pods-INAPPDemo.release.xcconfig"; path = "Target Support Files/Pods-INAPPDemo/Pods-INAPPDemo.release.xcconfig"; sourceTree = "<group>"; };
		B32CF324FF59DA00DEE00A83 /* libPods-INAPPDemo.a */ = {isa = PBXFileReference; explicitFileType = archive.ar; includeInIndex = 0; path = "libPods-INAPPDemo.a"; sourceTree = BUILT_PRODUCTS_DIR; };
		D4736128E25CF0CA188BA972 /* Pods-INAPPDemo.debug.xcconfig */ = {isa = PBXFileReference; includeInIndex = 1; lastKnownFileType = text.xcconfig; name = "Pods-INAPPDemo.debug.xcconfig"; path = "Target Support Files/Pods-INAPPDemo/Pods-INAPPDemo.debug.xcconfig"; sourceTree = "<group>"; };
/* End PBXFileReference section */

/* Begin PBXFrameworksBuildPhase section */
		25B0DE7224A20DD000E67FFF /* Frameworks */ = {
			isa = PBXFrameworksBuildPhase;
			buildActionMask = 2147483647;
			files = (
				E0A4FFF913ABBCC7DA8DC9B8 /* libPods-INAPPDemo.a in Frameworks */,
			);
			runOnlyForDeploymentPostprocessing = 0;
		};
		25B0DE8D24A20DD100E67FFF /* Frameworks */ = {
			isa = PBXFrameworksBuildPhase;
			buildActionMask = 2147483647;
			files = (
			);
			runOnlyForDeploymentPostprocessing = 0;
		};
/* End PBXFrameworksBuildPhase section */

/* Begin PBXGroup section */
		0F66DBE2F4EFEF4A22FB8A86 /* Frameworks */ = {
			isa = PBXGroup;
			children = (
				B32CF324FF59DA00DEE00A83 /* libPods-INAPPDemo.a */,
			);
			name = Frameworks;
			sourceTree = "<group>";
		};
		25B0DE6C24A20DD000E67FFF = {
			isa = PBXGroup;
			children = (
				25B0DE7724A20DD000E67FFF /* INAPPDemo */,
				25B0DE9324A20DD100E67FFF /* INAPPDemoUITests */,
				25B0DE7624A20DD000E67FFF /* Products */,
				B9D9DA71FE4FD7AD4E0E487A /* Pods */,
				0F66DBE2F4EFEF4A22FB8A86 /* Frameworks */,
			);
			sourceTree = "<group>";
		};
		25B0DE7624A20DD000E67FFF /* Products */ = {
			isa = PBXGroup;
			children = (
				25B0DE7524A20DD000E67FFF /* INAPPDemo.app */,
				25B0DE9024A20DD100E67FFF /* INAPPDemoUITests.xctest */,
			);
			name = Products;
			sourceTree = "<group>";
		};
		25B0DE7724A20DD000E67FFF /* INAPPDemo */ = {
			isa = PBXGroup;
			children = (
				255C907724A2134700B0EA6A /* GPBRSA.h */,
				255C907824A2134700B0EA6A /* GPBRSA.m */,
				25B0DE7824A20DD000E67FFF /* AppDelegate.h */,
				25B0DE7924A20DD000E67FFF /* AppDelegate.m */,
				25B0DE7B24A20DD000E67FFF /* SceneDelegate.h */,
				25B0DE7C24A20DD000E67FFF /* SceneDelegate.m */,
				25B0DE7E24A20DD000E67FFF /* ViewController.h */,
				25B0DE7F24A20DD000E67FFF /* ViewController.m */,
				25B0DE8124A20DD000E67FFF /* Main.storyboard */,
				25B0DE8424A20DD100E67FFF /* Assets.xcassets */,
				25B0DE8624A20DD100E67FFF /* LaunchScreen.storyboard */,
				25B0DE8924A20DD100E67FFF /* Info.plist */,
				25B0DE8A24A20DD100E67FFF /* main.m */,
			);
			path = INAPPDemo;
			sourceTree = "<group>";
		};
		25B0DE9324A20DD100E67FFF /* INAPPDemoUITests */ = {
			isa = PBXGroup;
			children = (
				25B0DE9424A20DD100E67FFF /* INAPPDemoUITests.m */,
				25B0DE9624A20DD100E67FFF /* Info.plist */,
			);
			path = INAPPDemoUITests;
			sourceTree = "<group>";
		};
		B9D9DA71FE4FD7AD4E0E487A /* Pods */ = {
			isa = PBXGroup;
			children = (
				D4736128E25CF0CA188BA972 /* Pods-INAPPDemo.debug.xcconfig */,
				30BD072847E267843984E424 /* Pods-INAPPDemo.release.xcconfig */,
			);
			path = Pods;
			sourceTree = "<group>";
		};
/* End PBXGroup section */

/* Begin PBXNativeTarget section */
		25B0DE7424A20DD000E67FFF /* INAPPDemo */ = {
			isa = PBXNativeTarget;
			buildConfigurationList = 25B0DE9924A20DD100E67FFF /* Build configuration list for PBXNativeTarget "INAPPDemo" */;
			buildPhases = (
				010C8A0C84B15035C3BA4380 /* [CP] Check Pods Manifest.lock */,
				25B0DE7124A20DD000E67FFF /* Sources */,
				25B0DE7224A20DD000E67FFF /* Frameworks */,
				25B0DE7324A20DD000E67FFF /* Resources */,
				25B0DEAB24A20E0900E67FFF /* Embed Frameworks */,
				11C8F9920BBF5A42B281EA20 /* [CP] Embed Pods Frameworks */,
				D45CB3EEB912A5AB5C39CA59 /* [CP] Copy Pods Resources */,
			);
			buildRules = (
			);
			dependencies = (
			);
			name = INAPPDemo;
			productName = INAPPDemo;
			productReference = 25B0DE7524A20DD000E67FFF /* INAPPDemo.app */;
			productType = "com.apple.product-type.application";
		};
		25B0DE8F24A20DD100E67FFF /* INAPPDemoUITests */ = {
			isa = PBXNativeTarget;
			buildConfigurationList = 25B0DE9C24A20DD100E67FFF /* Build configuration list for PBXNativeTarget "INAPPDemoUITests" */;
			buildPhases = (
				25B0DE8C24A20DD100E67FFF /* Sources */,
				25B0DE8D24A20DD100E67FFF /* Frameworks */,
				25B0DE8E24A20DD100E67FFF /* Resources */,
			);
			buildRules = (
			);
			dependencies = (
				25B0DE9224A20DD100E67FFF /* PBXTargetDependency */,
			);
			name = INAPPDemoUITests;
			productName = INAPPDemoUITests;
			productReference = 25B0DE9024A20DD100E67FFF /* INAPPDemoUITests.xctest */;
			productType = "com.apple.product-type.bundle.ui-testing";
		};
/* End PBXNativeTarget section */

/* Begin PBXProject section */
		25B0DE6D24A20DD000E67FFF /* Project object */ = {
			isa = PBXProject;
			attributes = {
				LastUpgradeCheck = 1140;
				ORGANIZATIONNAME = ice;
				TargetAttributes = {
					25B0DE7424A20DD000E67FFF = {
						CreatedOnToolsVersion = 11.4.1;
					};
					25B0DE8F24A20DD100E67FFF = {
						CreatedOnToolsVersion = 11.4.1;
						TestTargetID = 25B0DE7424A20DD000E67FFF;
					};
				};
			};
			buildConfigurationList = 25B0DE7024A20DD000E67FFF /* Build configuration list for PBXProject "INAPPDemo" */;
			compatibilityVersion = "Xcode 9.3";
			developmentRegion = en;
			hasScannedForEncodings = 0;
			knownRegions = (
				en,
				Base,
			);
			mainGroup = 25B0DE6C24A20DD000E67FFF;
			productRefGroup = 25B0DE7624A20DD000E67FFF /* Products */;
			projectDirPath = "";
			projectRoot = "";
			targets = (
				25B0DE7424A20DD000E67FFF /* INAPPDemo */,
				25B0DE8F24A20DD100E67FFF /* INAPPDemoUITests */,
			);
		};
/* End PBXProject section */

/* Begin PBXResourcesBuildPhase section */
		25B0DE7324A20DD000E67FFF /* Resources */ = {
			isa = PBXResourcesBuildPhase;
			buildActionMask = 2147483647;
			files = (
				25B0DE8824A20DD100E67FFF /* LaunchScreen.storyboard in Resources */,
				25B0DE8524A20DD100E67FFF /* Assets.xcassets in Resources */,
				25B0DE8324A20DD000E67FFF /* Main.storyboard in Resources */,
			);
			runOnlyForDeploymentPostprocessing = 0;
		};
		25B0DE8E24A20DD100E67FFF /* Resources */ = {
			isa = PBXResourcesBuildPhase;
			buildActionMask = 2147483647;
			files = (
			);
			runOnlyForDeploymentPostprocessing = 0;
		};
/* End PBXResourcesBuildPhase section */

/* Begin PBXShellScriptBuildPhase section */
		010C8A0C84B15035C3BA4380 /* [CP] Check Pods Manifest.lock */ = {
			isa = PBXShellScriptBuildPhase;
			buildActionMask = 2147483647;
			files = (
			);
			inputFileListPaths = (
			);
			inputPaths = (
				"${PODS_PODFILE_DIR_PATH}/Podfile.lock",
				"${PODS_ROOT}/Manifest.lock",
			);
			name = "[CP] Check Pods Manifest.lock";
			outputFileListPaths = (
			);
			outputPaths = (
				"$(DERIVED_FILE_DIR)/Pods-INAPPDemo-checkManifestLockResult.txt",
			);
			runOnlyForDeploymentPostprocessing = 0;
			shellPath = /bin/sh;
			shellScript = "diff \"${PODS_PODFILE_DIR_PATH}/Podfile.lock\" \"${PODS_ROOT}/Manifest.lock\" > /dev/null\nif [ $? != 0 ] ; then\n    # print error to STDERR\n    echo \"error: The sandbox is not in sync with the Podfile.lock. Run 'pod install' or update your CocoaPods installation.\" >&2\n    exit 1\nfi\n# This output is used by Xcode 'outputs' to avoid re-running this script phase.\necho \"SUCCESS\" > \"${SCRIPT_OUTPUT_FILE_0}\"\n";
			showEnvVarsInLog = 0;
		};
		11C8F9920BBF5A42B281EA20 /* [CP] Embed Pods Frameworks */ = {
			isa = PBXShellScriptBuildPhase;
			buildActionMask = 2147483647;
			files = (
			);
			inputFileListPaths = (
				"${PODS_ROOT}/Target Support Files/Pods-INAPPDemo/Pods-INAPPDemo-frameworks-${CONFIGURATION}-input-files.xcfilelist",
			);
			name = "[CP] Embed Pods Frameworks";
			outputFileListPaths = (
				"${PODS_ROOT}/Target Support Files/Pods-INAPPDemo/Pods-INAPPDemo-frameworks-${CONFIGURATION}-output-files.xcfilelist",
			);
			runOnlyForDeploymentPostprocessing = 0;
			shellPath = /bin/sh;
			shellScript = "\"${PODS_ROOT}/Target Support Files/Pods-INAPPDemo/Pods-INAPPDemo-frameworks.sh\"\n";
			showEnvVarsInLog = 0;
		};
		D45CB3EEB912A5AB5C39CA59 /* [CP] Copy Pods Resources */ = {
			isa = PBXShellScriptBuildPhase;
			buildActionMask = 2147483647;
			files = (
			);
			inputFileListPaths = (
				"${PODS_ROOT}/Target Support Files/Pods-INAPPDemo/Pods-INAPPDemo-resources-${CONFIGURATION}-input-files.xcfilelist",
			);
			name = "[CP] Copy Pods Resources";
			outputFileListPaths = (
				"${PODS_ROOT}/Target Support Files/Pods-INAPPDemo/Pods-INAPPDemo-resources-${CONFIGURATION}-output-files.xcfilelist",
			);
			runOnlyForDeploymentPostprocessing = 0;
			shellPath = /bin/sh;
			shellScript = "\"${PODS_ROOT}/Target Support Files/Pods-INAPPDemo/Pods-INAPPDemo-resources.sh\"\n";
			showEnvVarsInLog = 0;
		};
/* End PBXShellScriptBuildPhase section */

/* Begin PBXSourcesBuildPhase section */
		25B0DE7124A20DD000E67FFF /* Sources */ = {
			isa = PBXSourcesBuildPhase;
			buildActionMask = 2147483647;
			files = (
				25B0DE8024A20DD000E67FFF /* ViewController.m in Sources */,
				25B0DE7A24A20DD000E67FFF /* AppDelegate.m in Sources */,
				25B0DE8B24A20DD100E67FFF /* main.m in Sources */,
				25B0DE7D24A20DD000E67FFF /* SceneDelegate.m in Sources */,
				255C907924A2134700B0EA6A /* GPBRSA.m in Sources */,
			);
			runOnlyForDeploymentPostprocessing = 0;
		};
		25B0DE8C24A20DD100E67FFF /* Sources */ = {
			isa = PBXSourcesBuildPhase;
			buildActionMask = 2147483647;
			files = (
				25B0DE9524A20DD100E67FFF /* INAPPDemoUITests.m in Sources */,
			);
			runOnlyForDeploymentPostprocessing = 0;
		};
/* End PBXSourcesBuildPhase section */

/* Begin PBXTargetDependency section */
		25B0DE9224A20DD100E67FFF /* PBXTargetDependency */ = {
			isa = PBXTargetDependency;
			target = 25B0DE7424A20DD000E67FFF /* INAPPDemo */;
			targetProxy = 25B0DE9124A20DD100E67FFF /* PBXContainerItemProxy */;
		};
/* End PBXTargetDependency section */

/* Begin PBXVariantGroup section */
		25B0DE8124A20DD000E67FFF /* Main.storyboard */ = {
			isa = PBXVariantGroup;
			children = (
				25B0DE8224A20DD000E67FFF /* Base */,
			);
			name = Main.storyboard;
			sourceTree = "<group>";
		};
		25B0DE8624A20DD100E67FFF /* LaunchScreen.storyboard */ = {
			isa = PBXVariantGroup;
			children = (
				25B0DE8724A20DD100E67FFF /* Base */,
			);
			name = LaunchScreen.storyboard;
			sourceTree = "<group>";
		};
/* End PBXVariantGroup section */

/* Begin XCBuildConfiguration section */
		25B0DE9724A20DD100E67FFF /* Debug */ = {
			isa = XCBuildConfiguration;
			buildSettings = {
				ALWAYS_SEARCH_USER_PATHS = NO;
				CLANG_ANALYZER_NONNULL = YES;
				CLANG_ANALYZER_NUMBER_OBJECT_CONVERSION = YES_AGGRESSIVE;
				CLANG_CXX_LANGUAGE_STANDARD = "gnu++14";
				CLANG_CXX_LIBRARY = "libc++";
				CLANG_ENABLE_MODULES = YES;
				CLANG_ENABLE_OBJC_ARC = YES;
				CLANG_ENABLE_OBJC_WEAK = YES;
				CLANG_WARN_BLOCK_CAPTURE_AUTORELEASING = YES;
				CLANG_WARN_BOOL_CONVERSION = YES;
				CLANG_WARN_COMMA = YES;
				CLANG_WARN_CONSTANT_CONVERSION = YES;
				CLANG_WARN_DEPRECATED_OBJC_IMPLEMENTATIONS = YES;
				CLANG_WARN_DIRECT_OBJC_ISA_USAGE = YES_ERROR;
				CLANG_WARN_DOCUMENTATION_COMMENTS = YES;
				CLANG_WARN_EMPTY_BODY = YES;
				CLANG_WARN_ENUM_CONVERSION = YES;
				CLANG_WARN_INFINITE_RECURSION = YES;
				CLANG_WARN_INT_CONVERSION = YES;
				CLANG_WARN_NON_LITERAL_NULL_CONVERSION = YES;
				CLANG_WARN_OBJC_IMPLICIT_RETAIN_SELF = YES;
				CLANG_WARN_OBJC_LITERAL_CONVERSION = YES;
				CLANG_WARN_OBJC_ROOT_CLASS = YES_ERROR;
				CLANG_WARN_RANGE_LOOP_ANALYSIS = YES;
				CLANG_WARN_STRICT_PROTOTYPES = YES;
				CLANG_WARN_SUSPICIOUS_MOVE = YES;
				CLANG_WARN_UNGUARDED_AVAILABILITY = YES_AGGRESSIVE;
				CLANG_WARN_UNREACHABLE_CODE = YES;
				CLANG_WARN__DUPLICATE_METHOD_MATCH = YES;
				COPY_PHASE_STRIP = NO;
				DEBUG_INFORMATION_FORMAT = dwarf;
				ENABLE_STRICT_OBJC_MSGSEND = YES;
				ENABLE_TESTABILITY = YES;
				GCC_C_LANGUAGE_STANDARD = gnu11;
				GCC_DYNAMIC_NO_PIC = NO;
				GCC_NO_COMMON_BLOCKS = YES;
				GCC_OPTIMIZATION_LEVEL = 0;
				GCC_PREPROCESSOR_DEFINITIONS = (
					"DEBUG=1",
					"$(inherited)",
				);
				GCC_WARN_64_TO_32_BIT_CONVERSION = YES;
				GCC_WARN_ABOUT_RETURN_TYPE = YES_ERROR;
				GCC_WARN_UNDECLARED_SELECTOR = YES;
				GCC_WARN_UNINITIALIZED_AUTOS = YES_AGGRESSIVE;
				GCC_WARN_UNUSED_FUNCTION = YES;
				GCC_WARN_UNUSED_VARIABLE = YES;
				IPHONEOS_DEPLOYMENT_TARGET = 13.4;
				MTL_ENABLE_DEBUG_INFO = INCLUDE_SOURCE;
				MTL_FAST_MATH = YES;
				ONLY_ACTIVE_ARCH = YES;
				SDKROOT = iphoneos;
			};
			name = Debug;
		};
		25B0DE9824A20DD100E67FFF /* Release */ = {
			isa = XCBuildConfiguration;
			buildSettings = {
				ALWAYS_SEARCH_USER_PATHS = NO;
				CLANG_ANALYZER_NONNULL = YES;
				CLANG_ANALYZER_NUMBER_OBJECT_CONVERSION = YES_AGGRESSIVE;
				CLANG_CXX_LANGUAGE_STANDARD = "gnu++14";
				CLANG_CXX_LIBRARY = "libc++";
				CLANG_ENABLE_MODULES = YES;
				CLANG_ENABLE_OBJC_ARC = YES;
				CLANG_ENABLE_OBJC_WEAK = YES;
				CLANG_WARN_BLOCK_CAPTURE_AUTORELEASING = YES;
				CLANG_WARN_BOOL_CONVERSION = YES;
				CLANG_WARN_COMMA = YES;
				CLANG_WARN_CONSTANT_CONVERSION = YES;
				CLANG_WARN_DEPRECATED_OBJC_IMPLEMENTATIONS = YES;
				CLANG_WARN_DIRECT_OBJC_ISA_USAGE = YES_ERROR;
				CLANG_WARN_DOCUMENTATION_COMMENTS = YES;
				CLANG_WARN_EMPTY_BODY = YES;
				CLANG_WARN_ENUM_CONVERSION = YES;
				CLANG_WARN_INFINITE_RECURSION = YES;
				CLANG_WARN_INT_CONVERSION = YES;
				CLANG_WARN_NON_LITERAL_NULL_CONVERSION = YES;
				CLANG_WARN_OBJC_IMPLICIT_RETAIN_SELF = YES;
				CLANG_WARN_OBJC_LITERAL_CONVERSION = YES;
				CLANG_WARN_OBJC_ROOT_CLASS = YES_ERROR;
				CLANG_WARN_RANGE_LOOP_ANALYSIS = YES;
				CLANG_WARN_STRICT_PROTOTYPES = YES;
				CLANG_WARN_SUSPICIOUS_MOVE = YES;
				CLANG_WARN_UNGUARDED_AVAILABILITY = YES_AGGRESSIVE;
				CLANG_WARN_UNREACHABLE_CODE = YES;
				CLANG_WARN__DUPLICATE_METHOD_MATCH = YES;
				COPY_PHASE_STRIP = NO;
				DEBUG_INFORMATION_FORMAT = "dwarf-with-dsym";
				ENABLE_NS_ASSERTIONS = NO;
				ENABLE_STRICT_OBJC_MSGSEND = YES;
				GCC_C_LANGUAGE_STANDARD = gnu11;
				GCC_NO_COMMON_BLOCKS = YES;
				GCC_WARN_64_TO_32_BIT_CONVERSION = YES;
				GCC_WARN_ABOUT_RETURN_TYPE = YES_ERROR;
				GCC_WARN_UNDECLARED_SELECTOR = YES;
				GCC_WARN_UNINITIALIZED_AUTOS = YES_AGGRESSIVE;
				GCC_WARN_UNUSED_FUNCTION = YES;
				GCC_WARN_UNUSED_VARIABLE = YES;
				IPHONEOS_DEPLOYMENT_TARGET = 13.4;
				MTL_ENABLE_DEBUG_INFO = NO;
				MTL_FAST_MATH = YES;
				SDKROOT = iphoneos;
				VALIDATE_PRODUCT = YES;
			};
			name = Release;
		};
		25B0DE9A24A20DD100E67FFF /* Debug */ = {
			isa = XCBuildConfiguration;
			baseConfigurationReference = D4736128E25CF0CA188BA972 /* Pods-INAPPDemo.debug.xcconfig */;
			buildSettings = {
				ASSETCATALOG_COMPILER_APPICON_NAME = AppIcon;
				CLANG_ALLOW_NON_MODULAR_INCLUDES_IN_FRAMEWORK_MODULES = NO;
				CODE_SIGN_IDENTITY = "iPhone Developer";
				CODE_SIGN_STYLE = Manual;
				DEVELOPMENT_TEAM = J572MKHA8H;
				FRAMEWORK_SEARCH_PATHS = (
					"$(PROJECT_DIR)/INAPPDemo",
					"${inherited}",
				);
				HEADER_SEARCH_PATHS = "$(PODS_ROOT)/**";
				INFOPLIST_FILE = INAPPDemo/Info.plist;
				IPHONEOS_DEPLOYMENT_TARGET = 10.0;
				LD_RUNPATH_SEARCH_PATHS = (
					"$(inherited)",
					"@executable_path/Frameworks",
				);
				PRODUCT_BUNDLE_IDENTIFIER = com.payby.NAPPDemo;
				PRODUCT_NAME = "$(TARGET_NAME)";
				PROVISIONING_PROFILE_SPECIFIER = paybydev;
				TARGETED_DEVICE_FAMILY = "1,2";
			};
			name = Debug;
		};
		25B0DE9B24A20DD100E67FFF /* Release */ = {
			isa = XCBuildConfiguration;
			baseConfigurationReference = 30BD072847E267843984E424 /* Pods-INAPPDemo.release.xcconfig */;
			buildSettings = {
				ASSETCATALOG_COMPILER_APPICON_NAME = AppIcon;
				CLANG_ALLOW_NON_MODULAR_INCLUDES_IN_FRAMEWORK_MODULES = NO;
				CODE_SIGN_IDENTITY = "iPhone Developer";
				CODE_SIGN_STYLE = Manual;
				DEVELOPMENT_TEAM = J572MKHA8H;
				FRAMEWORK_SEARCH_PATHS = (
					"$(PROJECT_DIR)/INAPPDemo",
					"${inherited}",
				);
				HEADER_SEARCH_PATHS = "$(PODS_ROOT)/**";
				INFOPLIST_FILE = INAPPDemo/Info.plist;
				IPHONEOS_DEPLOYMENT_TARGET = 10.0;
				LD_RUNPATH_SEARCH_PATHS = (
					"$(inherited)",
					"@executable_path/Frameworks",
				);
				PRODUCT_BUNDLE_IDENTIFIER = com.payby.NAPPDemo;
				PRODUCT_NAME = "$(TARGET_NAME)";
				PROVISIONING_PROFILE_SPECIFIER = paybydev;
				TARGETED_DEVICE_FAMILY = "1,2";
			};
			name = Release;
		};
		25B0DE9D24A20DD100E67FFF /* Debug */ = {
			isa = XCBuildConfiguration;
			buildSettings = {
				CODE_SIGN_STYLE = Automatic;
				INFOPLIST_FILE = INAPPDemoUITests/Info.plist;
				LD_RUNPATH_SEARCH_PATHS = (
					"$(inherited)",
					"@executable_path/Frameworks",
					"@loader_path/Frameworks",
				);
				PRODUCT_BUNDLE_IDENTIFIER = com.INAPPDemoUITests;
				PRODUCT_NAME = "$(TARGET_NAME)";
				TARGETED_DEVICE_FAMILY = "1,2";
				TEST_TARGET_NAME = INAPPDemo;
			};
			name = Debug;
		};
		25B0DE9E24A20DD100E67FFF /* Release */ = {
			isa = XCBuildConfiguration;
			buildSettings = {
				CODE_SIGN_STYLE = Automatic;
				INFOPLIST_FILE = INAPPDemoUITests/Info.plist;
				LD_RUNPATH_SEARCH_PATHS = (
					"$(inherited)",
					"@executable_path/Frameworks",
					"@loader_path/Frameworks",
				);
				PRODUCT_BUNDLE_IDENTIFIER = com.INAPPDemoUITests;
				PRODUCT_NAME = "$(TARGET_NAME)";
				TARGETED_DEVICE_FAMILY = "1,2";
				TEST_TARGET_NAME = INAPPDemo;
			};
			name = Release;
		};
/* End XCBuildConfiguration section */

/* Begin XCConfigurationList section */
		25B0DE7024A20DD000E67FFF /* Build configuration list for PBXProject "INAPPDemo" */ = {
			isa = XCConfigurationList;
			buildConfigurations = (
				25B0DE9724A20DD100E67FFF /* Debug */,
				25B0DE9824A20DD100E67FFF /* Release */,
			);
			defaultConfigurationIsVisible = 0;
			defaultConfigurationName = Release;
		};
		25B0DE9924A20DD100E67FFF /* Build configuration list for PBXNativeTarget "INAPPDemo" */ = {
			isa = XCConfigurationList;
			buildConfigurations = (
				25B0DE9A24A20DD100E67FFF /* Debug */,
				25B0DE9B24A20DD100E67FFF /* Release */,
			);
			defaultConfigurationIsVisible = 0;
			defaultConfigurationName = Release;
		};
		25B0DE9C24A20DD100E67FFF /* Build configuration list for PBXNativeTarget "INAPPDemoUITests" */ = {
			isa = XCConfigurationList;
			buildConfigurations = (
				25B0DE9D24A20DD100E67FFF /* Debug */,
				25B0DE9E24A20DD100E67FFF /* Release */,
			);
			defaultConfigurationIsVisible = 0;
			defaultConfigurationName = Release;
		};
/* End XCConfigurationList section */
	};
	rootObject = 25B0DE6D24A20DD000E67FFF /* Project object */;
}
